
Microsoft Visual Studio Solution File, Format Version 12.00
# Visual Studio Version 17
VisualStudioVersion = 17.0.31903.59
MinimumVisualStudioVersion = 10.0.40219.1
Project("{FAE04EC0-301F-11D3-BF4B-00C04F79EFBC}") = "copilotworkshop.wwwapi", "copilotworkshop.wwwapi\copilotworkshop.wwwapi.csproj", "{A844D094-E4C7-477A-A065-76D58D556195}"
EndProject
Project("{FAE04EC0-301F-11D3-BF4B-00C04F79EFBC}") = "copilotworkshop.wwwapp", "copilotworkshop.wwwapp\copilotworkshop.wwwapp.csproj", "{D59EAC0F-A746-42C7-A95F-28840CCABBA9}"
EndProject
Global
	GlobalSection(SolutionConfigurationPlatforms) = preSolution
		Debug|Any CPU = Debug|Any CPU
		Release|Any CPU = Release|Any CPU
	EndGlobalSection
	GlobalSection(SolutionProperties) = preSolution
		HideSolutionNode = FALSE
	EndGlobalSection
	GlobalSection(ProjectConfigurationPlatforms) = postSolution
		{A844D094-E4C7-477A-A065-76D58D556195}.Debug|Any CPU.ActiveCfg = Debug|Any CPU
		{A844D094-E4C7-477A-A065-76D58D556195}.Debug|Any CPU.Build.0 = Debug|Any CPU
		{A844D094-E4C7-477A-A065-76D58D556195}.Release|Any CPU.ActiveCfg = Release|Any CPU
		{A844D094-E4C7-477A-A065-76D58D556195}.Release|Any CPU.Build.0 = Release|Any CPU
		{D59EAC0F-A746-42C7-A95F-28840CCABBA9}.Debug|Any CPU.ActiveCfg = Debug|Any CPU
		{D59EAC0F-A746-42C7-A95F-28840CCABBA9}.Debug|Any CPU.Build.0 = Debug|Any CPU
		{D59EAC0F-A746-42C7-A95F-28840CCABBA9}.Release|Any CPU.ActiveCfg = Release|Any CPU
		{D59EAC0F-A746-42C7-A95F-28840CCABBA9}.Release|Any CPU.Build.0 = Release|Any CPU
	EndGlobalSection
EndGlobal
